{
  "name": "workstation-hosted-pi-bridge",
  "version": "0.1.0",
  "lockfileVersion": 3,
  "requires": true,
  "packages": {
    "": {
      "name": "workstation-hosted-pi-bridge",
      "version": "0.1.0",
      "license": "MIT",
      "dependencies": {
        "@bufbuild/protobuf": "2.11.0",
        "@earendil-works/pi-tui": "0.84.3",
        "typebox": "1.3.19"
      }
    },
    "node_modules/@bufbuild/protobuf": {
      "version": "2.11.0",
      "resolved": "https://registry.npmjs.org/@bufbuild/protobuf/-/protobuf-2.11.0.tgz",
      "integrity": "sha512-sBXGT13cpmPR5BMgHE6UEEfEaShh5Ror6rfN3yEK5si7QVrtZg8LEPQb0VVhiLRUslD2yLnXtnRzG035J/mZXQ==",
      "license": "(Apache-2.0 AND BSD-3-Clause)"
    },
    "node_modules/@earendil-works/pi-tui": {
      "version": "0.84.3",
      "resolved": "https://registry.npmjs.org/@earendil-works/pi-tui/-/pi-tui-0.84.3.tgz",
      "integrity": "sha512-fS6OEQKEEALnKa6Uw8LcgZZ+9CWck7f3MQSCETQp6leUgIFwMEDtKmOUnL9nsYm+RIPmy7OmplVxYRbV6hiaFg==",
      "license": "MIT",
      "dependencies": {
        "get-east-asian-width": "1.6.0",
        "marked": "18.0.5"
      },
      "engines": {
        "node": ">=22.19.0"
      }
    },
    "node_modules/get-east-asian-width": {
      "version": "1.6.0",
      "resolved": "https://registry.npmjs.org/get-east-asian-width/-/get-east-asian-width-1.6.0.tgz",
      "integrity": "sha512-QRbvDIbx6YklUe6RxeTeleMR0yv3cYH6PsPZHcnVn7xv7zO1BHN8r0XETu8n6Ye3Q+ahtSarc3WgtNWmehIBfA==",
      "license": "MIT",
      "engines": {
        "node": ">=18"
      },
      "funding": {
        "url": "https://github.com/sponsors/sindresorhus"
      }
    },
    "node_modules/marked": {
      "version": "18.0.5",
      "resolved": "https://registry.npmjs.org/marked/-/marked-18.0.5.tgz",
      "integrity": "sha512-S6GcvALHg6K4ohtu4E7x0a1AqhAjp6cV8KhLSyN9qVapnzJkusVBxZRcIU9AeYsbe6P1hKDusSbEOzGyyuce6w==",
      "license": "MIT",
      "bin": {
        "marked": "bin/marked.js"
      },
      "engines": {
        "node": ">= 20"
      }
    },
    "node_modules/typebox": {
      "version": "1.3.19",
      "resolved": "https://registry.npmjs.org/typebox/-/typebox-1.3.19.tgz",
      "integrity": "sha512-OGhGi3JkTMol9QW8Bc6tgSD4ghV8v5WubAi1XeYnlxdocHvgS7TQJ8FcFZrQhVhigQU0z7bRFAEsZ+wpkRdCfg==",
      "license": "MIT"
    }
  }
}
